
Microsoft Visual Studio Solution File, Format Version 12.00
# Visual Studio Version 17
VisualStudioVersion = 17.7.34202.233
MinimumVisualStudioVersion = 10.0.40219.1
Project("{FAE04EC0-301F-11D3-BF4B-00C04F79EFBC}") = "TodoApi", "TodoApi\TodoApi.csproj", "{D9A7DC17-CA72-45CA-96A2-95526746E34A}"
EndProject
Global
	GlobalSection(SolutionConfigurationPlatforms) = preSolution
		Debug|Any CPU = Debug|Any CPU
		Release|Any CPU = Release|Any CPU
	EndGlobalSection
	GlobalSection(ProjectConfigurationPlatforms) = postSolution
		{D9A7DC17-CA72-45CA-96A2-95526746E34A}.Debug|Any CPU.ActiveCfg = Debug|Any CPU
		{D9A7DC17-CA72-45CA-96A2-95526746E34A}.Debug|Any CPU.Build.0 = Debug|Any CPU
		{D9A7DC17-CA72-45CA-96A2-95526746E34A}.Release|Any CPU.ActiveCfg = Release|Any CPU
		{D9A7DC17-CA72-45CA-96A2-95526746E34A}.Release|Any CPU.Build.0 = Release|Any CPU
	EndGlobalSection
	GlobalSection(SolutionProperties) = preSolution
		HideSolutionNode = FALSE
	EndGlobalSection
	GlobalSection(ExtensibilityGlobals) = postSolution
		SolutionGuid = {693E700C-B449-4F70-A3FE-8CD8707D12C1}
	EndGlobalSection
EndGlobal
